{
  "version": 4,
  "terraform_version": "1.11.4",
  "serial": 63,
  "lineage": "9585bc96-d87e-0b1b-fd3b-1f513aabfe7d",
  "outputs": {
    "master_ip": {
      "value": "188.245.177.70",
      "type": "string"
    },
    "worker_ips": {
      "value": [
        "159.69.211.184"
      ],
      "type": [
        "tuple",
        [
          "string"
        ]
      ]
    }
  },
  "resources": [
    {
      "mode": "data",
      "type": "hcloud_ssh_key",
      "name": "existing",
      "provider": "provider[\"registry.terraform.io/hetznercloud/hcloud\"]",
      "instances": [
        {
          "schema_version": 0,
          "attributes": {
            "fingerprint": "9f:1d:0f:b8:a6:6e:a2:46:9f:61:cd:46:16:06:ae:04",
            "id": 28969285,
            "labels": {},
            "name": "gowtham@ac-sys-001.local",
            "public_key": "ssh-ed25519 AAAAC3NzaC1lZDI1NTE5AAAAILSZPiOIeT4sVsZfmB/UWGlD7a35JLhU8F3arlDoIYtg",
            "selector": null,
            "with_selector": null
          },
          "sensitive_attributes": []
        }
      ]
    },
    {
      "mode": "managed",
      "type": "hcloud_network",
      "name": "k8s_network",
      "provider": "provider[\"registry.terraform.io/hetznercloud/hcloud\"]",
      "instances": [
        {
          "schema_version": 0,
          "attributes": {
            "delete_protection": false,
            "expose_routes_to_vswitch": false,
            "id": "11036162",
            "ip_range": "10.0.0.0/16",
            "labels": {},
            "name": "k8s-network"
          },
          "sensitive_attributes": [],
          "private": "bnVsbA=="
        }
      ]
    },
    {
      "mode": "managed",
      "type": "hcloud_network_subnet",
      "name": "k8s_subnet",
      "provider": "provider[\"registry.terraform.io/hetznercloud/hcloud\"]",
      "instances": [
        {
          "schema_version": 0,
          "attributes": {
            "gateway": "10.0.0.1",
            "id": "11036162-10.0.1.0/24",
            "ip_range": "10.0.1.0/24",
            "network_id": 11036162,
            "network_zone": "eu-central",
            "type": "cloud",
            "vswitch_id": null
          },
          "sensitive_attributes": [],
          "private": "bnVsbA==",
          "dependencies": [
            "hcloud_network.k8s_network"
          ]
        }
      ]
    },
    {
      "mode": "managed",
      "type": "hcloud_server",
      "name": "k3s_master",
      "provider": "provider[\"registry.terraform.io/hetznercloud/hcloud\"]",
      "instances": [
        {
          "schema_version": 0,
          "attributes": {
            "allow_deprecated_images": false,
            "backup_window": "",
            "backups": false,
            "datacenter": "nbg1-dc3",
            "delete_protection": false,
            "firewall_ids": [],
            "id": "64520640",
            "ignore_remote_firewall_ids": false,
            "image": "ubuntu-24.04",
            "ipv4_address": "188.245.177.70",
            "ipv6_address": "2a01:4f8:1c1c:be84::1",
            "ipv6_network": "2a01:4f8:1c1c:be84::/64",
            "iso": null,
            "keep_disk": false,
            "labels": null,
            "location": "nbg1",
            "name": "k3s-master",
            "network": [
              {
                "alias_ips": [],
                "ip": "10.0.1.1",
                "mac_address": "86:00:00:c0:56:32",
                "network_id": 11036162
              }
            ],
            "placement_group_id": 0,
            "primary_disk_size": 80,
            "public_net": [],
            "rebuild_protection": false,
            "rescue": null,
            "server_type": "cpx21",
            "shutdown_before_deletion": false,
            "ssh_keys": [
              "28969285"
            ],
            "status": "running",
            "timeouts": null,
            "user_data": "hbq7GOn0tS1sOeoToyQqsCkTqQg="
          },
          "sensitive_attributes": [
            [
              {
                "type": "get_attr",
                "value": "user_data"
              }
            ]
          ],
          "private": "eyJlMmJmYjczMC1lY2FhLTExZTYtOGY4OC0zNDM2M2JjN2M0YzAiOnsiY3JlYXRlIjo1NDAwMDAwMDAwMDAwfX0=",
          "dependencies": [
            "data.hcloud_ssh_key.existing",
            "hcloud_network.k8s_network",
            "hcloud_network_subnet.k8s_subnet"
          ]
        }
      ]
    },
    {
      "mode": "managed",
      "type": "hcloud_server",
      "name": "k3s_workers",
      "provider": "provider[\"registry.terraform.io/hetznercloud/hcloud\"]",
      "instances": [
        {
          "index_key": 0,
          "schema_version": 0,
          "attributes": {
            "allow_deprecated_images": false,
            "backup_window": "",
            "backups": false,
            "datacenter": "nbg1-dc3",
            "delete_protection": false,
            "firewall_ids": [],
            "id": "64520662",
            "ignore_remote_firewall_ids": false,
            "image": "ubuntu-24.04",
            "ipv4_address": "159.69.211.184",
            "ipv6_address": "2a01:4f8:c0c:1776::1",
            "ipv6_network": "2a01:4f8:c0c:1776::/64",
            "iso": null,
            "keep_disk": false,
            "labels": null,
            "location": "nbg1",
            "name": "k3s-worker-1",
            "network": [
              {
                "alias_ips": [],
                "ip": "10.0.1.2",
                "mac_address": "86:00:00:c0:56:20",
                "network_id": 11036162
              }
            ],
            "placement_group_id": 0,
            "primary_disk_size": 40,
            "public_net": [],
            "rebuild_protection": false,
            "rescue": null,
            "server_type": "cpx11",
            "shutdown_before_deletion": false,
            "ssh_keys": [
              "28969285"
            ],
            "status": "running",
            "timeouts": null,
            "user_data": "t8EfQOhYs4wu8SOo1VXLrxqWdnc="
          },
          "sensitive_attributes": [
            [
              {
                "type": "get_attr",
                "value": "user_data"
              }
            ]
          ],
          "private": "eyJlMmJmYjczMC1lY2FhLTExZTYtOGY4OC0zNDM2M2JjN2M0YzAiOnsiY3JlYXRlIjo1NDAwMDAwMDAwMDAwfX0=",
          "dependencies": [
            "data.hcloud_ssh_key.existing",
            "hcloud_network.k8s_network",
            "hcloud_network_subnet.k8s_subnet",
            "hcloud_server.k3s_master"
          ]
        }
      ]
    }
  ],
  "check_results": null
}
